// !$*UTF8*$!
{
	archiveVersion = 1;
	classes = {
	};
	objectVersion = 46;
	objects = {

/* Begin PBXBuildFile section */
		9F35CB0A1D539EF5000A10A3 /* AppDelegate.swift in Sources */ = {isa = PBXBuildFile; fileRef = 9F35CB091D539EF5000A10A3 /* AppDelegate.swift */; };
		9F35CB0C1D539EF5000A10A3 /* ViewController.swift in Sources */ = {isa = PBXBuildFile; fileRef = 9F35CB0B1D539EF5000A10A3 /* ViewController.swift */; };
		9F35CB0F1D539EF5000A10A3 /* Main.storyboard in Resources */ = {isa = PBXBuildFile; fileRef = 9F35CB0D1D539EF5000A10A3 /* Main.storyboard */; };
		9F35CB111D539EF5000A10A3 /* Assets.xcassets in Resources */ = {isa = PBXBuildFile; fileRef = 9F35CB101D539EF5000A10A3 /* Assets.xcassets */; };
		9F35CB141D539EF5000A10A3 /* LaunchScreen.storyboard in Resources */ = {isa = PBXBuildFile; fileRef = 9F35CB121D539EF5000A10A3 /* LaunchScreen.storyboard */; };
		9F35CB1D1D539F9C000A10A3 /* CustomCell.swift in Sources */ = {isa = PBXBuildFile; fileRef = 9F35CB1B1D539F9C000A10A3 /* CustomCell.swift */; };
		9F35CB1E1D539F9C000A10A3 /* CustomCell.xib in Resources */ = {isa = PBXBuildFile; fileRef = 9F35CB1C1D539F9C000A10A3 /* CustomCell.xib */; };
		9F35CB201D539FAB000A10A3 /* localBase.swift in Sources */ = {isa = PBXBuildFile; fileRef = 9F35CB1F1D539FAB000A10A3 /* localBase.swift */; };
		9FFD1CD11D543298008DC601 /* AddingPhotoViewController.swift in Sources */ = {isa = PBXBuildFile; fileRef = 9FFD1CD01D543298008DC601 /* AddingPhotoViewController.swift */; };
/* End PBXBuildFile section */

/* Begin PBXFileReference section */
		9F35CB061D539EF5000A10A3 /* ACFinalAssessment_Q5.app */ = {isa = PBXFileReference; explicitFileType = wrapper.application; includeInIndex = 0; path = ACFinalAssessment_Q5.app; sourceTree = BUILT_PRODUCTS_DIR; };
		9F35CB091D539EF5000A10A3 /* AppDelegate.swift */ = {isa = PBXFileReference; lastKnownFileType = sourcecode.swift; path = AppDelegate.swift; sourceTree = "<group>"; };
		9F35CB0B1D539EF5000A10A3 /* ViewController.swift */ = {isa = PBXFileReference; lastKnownFileType = sourcecode.swift; path = ViewController.swift; sourceTree = "<group>"; };
		9F35CB0E1D539EF5000A10A3 /* Base */ = {isa = PBXFileReference; lastKnownFileType = file.storyboard; name = Base; path = Base.lproj/Main.storyboard; sourceTree = "<group>"; };
		9F35CB101D539EF5000A10A3 /* Assets.xcassets */ = {isa = PBXFileReference; lastKnownFileType = folder.assetcatalog; path = Assets.xcassets; sourceTree = "<group>"; };
		9F35CB131D539EF5000A10A3 /* Base */ = {isa = PBXFileReference; lastKnownFileType = file.storyboard; name = Base; path = Base.lproj/LaunchScreen.storyboard; sourceTree = "<group>"; };
		9F35CB151D539EF5000A10A3 /* Info.plist */ = {isa = PBXFileReference; lastKnownFileType = text.plist.xml; path = Info.plist; sourceTree = "<group>"; };
		9F35CB1B1D539F9C000A10A3 /* CustomCell.swift */ = {isa = PBXFileReference; fileEncoding = 4; lastKnownFileType = sourcecode.swift; path = CustomCell.swift; sourceTree = "<group>"; };
		9F35CB1C1D539F9C000A10A3 /* CustomCell.xib */ = {isa = PBXFileReference; fileEncoding = 4; lastKnownFileType = file.xib; path = CustomCell.xib; sourceTree = "<group>"; };
		9F35CB1F1D539FAB000A10A3 /* localBase.swift */ = {isa = PBXFileReference; fileEncoding = 4; lastKnownFileType = sourcecode.swift; path = localBase.swift; sourceTree = "<group>"; };
		9FFD1CD01D543298008DC601 /* AddingPhotoViewController.swift */ = {isa = PBXFileReference; fileEncoding = 4; lastKnownFileType = sourcecode.swift; path = AddingPhotoViewController.swift; sourceTree = "<group>"; };
/* End PBXFileReference section */

/* Begin PBXFrameworksBuildPhase section */
		9F35CB031D539EF5000A10A3 /* Frameworks */ = {
			isa = PBXFrameworksBuildPhase;
			buildActionMask = 2147483647;
			files = (
			);
			runOnlyForDeploymentPostprocessing = 0;
		};
/* End PBXFrameworksBuildPhase section */

/* Begin PBXGroup section */
		9F35CAFD1D539EF5000A10A3 = {
			isa = PBXGroup;
			children = (
				9F35CB081D539EF5000A10A3 /* ACFinalAssessment_Q5 */,
				9F35CB071D539EF5000A10A3 /* Products */,
			);
			sourceTree = "<group>";
		};
		9F35CB071D539EF5000A10A3 /* Products */ = {
			isa = PBXGroup;
			children = (
				9F35CB061D539EF5000A10A3 /* ACFinalAssessment_Q5.app */,
			);
			name = Products;
			sourceTree = "<group>";
		};
		9F35CB081D539EF5000A10A3 /* ACFinalAssessment_Q5 */ = {
			isa = PBXGroup;
			children = (
				9F35CB091D539EF5000A10A3 /* AppDelegate.swift */,
				9F35CB0B1D539EF5000A10A3 /* ViewController.swift */,
				9F35CB0D1D539EF5000A10A3 /* Main.storyboard */,
				9F35CB101D539EF5000A10A3 /* Assets.xcassets */,
				9F35CB121D539EF5000A10A3 /* LaunchScreen.storyboard */,
				9F35CB151D539EF5000A10A3 /* Info.plist */,
				9F35CB1B1D539F9C000A10A3 /* CustomCell.swift */,
				9F35CB1C1D539F9C000A10A3 /* CustomCell.xib */,
				9F35CB1F1D539FAB000A10A3 /* localBase.swift */,
				9FFD1CD01D543298008DC601 /* AddingPhotoViewController.swift */,
			);
			path = ACFinalAssessment_Q5;
			sourceTree = "<group>";
		};
/* End PBXGroup section */

/* Begin PBXNativeTarget section */
		9F35CB051D539EF5000A10A3 /* ACFinalAssessment_Q5 */ = {
			isa = PBXNativeTarget;
			buildConfigurationList = 9F35CB181D539EF5000A10A3 /* Build configuration list for PBXNativeTarget "ACFinalAssessment_Q5" */;
			buildPhases = (
				9F35CB021D539EF5000A10A3 /* Sources */,
				9F35CB031D539EF5000A10A3 /* Frameworks */,
				9F35CB041D539EF5000A10A3 /* Resources */,
			);
			buildRules = (
			);
			dependencies = (
			);
			name = ACFinalAssessment_Q5;
			productName = ACFinalAssessment_Q5;
			productReference = 9F35CB061D539EF5000A10A3 /* ACFinalAssessment_Q5.app */;
			productType = "com.apple.product-type.application";
		};
/* End PBXNativeTarget section */

/* Begin PBXProject section */
		9F35CAFE1D539EF5000A10A3 /* Project object */ = {
			isa = PBXProject;
			attributes = {
				LastSwiftUpdateCheck = 0730;
				LastUpgradeCheck = 0730;
				ORGANIZATIONNAME = "張智涵 Vincent Chang";
				TargetAttributes = {
					9F35CB051D539EF5000A10A3 = {
						CreatedOnToolsVersion = 7.3.1;
						DevelopmentTeam = 8H7X36TF25;
					};
				};
			};
			buildConfigurationList = 9F35CB011D539EF5000A10A3 /* Build configuration list for PBXProject "ACFinalAssessment_Q5" */;
			compatibilityVersion = "Xcode 3.2";
			developmentRegion = English;
			hasScannedForEncodings = 0;
			knownRegions = (
				en,
				Base,
			);
			mainGroup = 9F35CAFD1D539EF5000A10A3;
			productRefGroup = 9F35CB071D539EF5000A10A3 /* Products */;
			projectDirPath = "";
			projectRoot = "";
			targets = (
				9F35CB051D539EF5000A10A3 /* ACFinalAssessment_Q5 */,
			);
		};
/* End PBXProject section */

/* Begin PBXResourcesBuildPhase section */
		9F35CB041D539EF5000A10A3 /* Resources */ = {
			isa = PBXResourcesBuildPhase;
			buildActionMask = 2147483647;
			files = (
				9F35CB141D539EF5000A10A3 /* LaunchScreen.storyboard in Resources */,
				9F35CB111D539EF5000A10A3 /* Assets.xcassets in Resources */,
				9F35CB1E1D539F9C000A10A3 /* CustomCell.xib in Resources */,
				9F35CB0F1D539EF5000A10A3 /* Main.storyboard in Resources */,
			);
			runOnlyForDeploymentPostprocessing = 0;
		};
/* End PBXResourcesBuildPhase section */

/* Begin PBXSourcesBuildPhase section */
		9F35CB021D539EF5000A10A3 /* Sources */ = {
			isa = PBXSourcesBuildPhase;
			buildActionMask = 2147483647;
			files = (
				9F35CB201D539FAB000A10A3 /* localBase.swift in Sources */,
				9F35CB0C1D539EF5000A10A3 /* ViewController.swift in Sources */,
				9F35CB1D1D539F9C000A10A3 /* CustomCell.swift in Sources */,
				9F35CB0A1D539EF5000A10A3 /* AppDelegate.swift in Sources */,
				9FFD1CD11D543298008DC601 /* AddingPhotoViewController.swift in Sources */,
			);
			runOnlyForDeploymentPostprocessing = 0;
		};
/* End PBXSourcesBuildPhase section */

/* Begin PBXVariantGroup section */
		9F35CB0D1D539EF5000A10A3 /* Main.storyboard */ = {
			isa = PBXVariantGroup;
			children = (
				9F35CB0E1D539EF5000A10A3 /* Base */,
			);
			name = Main.storyboard;
			sourceTree = "<group>";
		};
		9F35CB121D539EF5000A10A3 /* LaunchScreen.storyboard */ = {
			isa = PBXVariantGroup;
			children = (
				9F35CB131D539EF5000A10A3 /* Base */,
			);
			name = LaunchScreen.storyboard;
			sourceTree = "<group>";
		};
/* End PBXVariantGroup section */

/* Begin XCBuildConfiguration section */
		9F35CB161D539EF5000A10A3 /* Debug */ = {
			isa = XCBuildConfiguration;
			buildSettings = {
				ALWAYS_SEARCH_USER_PATHS = NO;
				CLANG_ANALYZER_NONNULL = YES;
				CLANG_CXX_LANGUAGE_STANDARD = "gnu++0x";
				CLANG_CXX_LIBRARY = "libc++";
				CLANG_ENABLE_MODULES = YES;
				CLANG_ENABLE_OBJC_ARC = YES;
				CLANG_WARN_BOOL_CONVERSION = YES;
				CLANG_WARN_CONSTANT_CONVERSION = YES;
				CLANG_WARN_DIRECT_OBJC_ISA_USAGE = YES_ERROR;
				CLANG_WARN_EMPTY_BODY = YES;
				CLANG_WARN_ENUM_CONVERSION = YES;
				CLANG_WARN_INT_CONVERSION = YES;
				CLANG_WARN_OBJC_ROOT_CLASS = YES_ERROR;
				CLANG_WARN_UNREACHABLE_CODE = YES;
				CLANG_WARN__DUPLICATE_METHOD_MATCH = YES;
				"CODE_SIGN_IDENTITY[sdk=iphoneos*]" = "iPhone Developer";
				COPY_PHASE_STRIP = NO;
				DEBUG_INFORMATION_FORMAT = dwarf;
				ENABLE_STRICT_OBJC_MSGSEND = YES;
				ENABLE_TESTABILITY = YES;
				GCC_C_LANGUAGE_STANDARD = gnu99;
				GCC_DYNAMIC_NO_PIC = NO;
				GCC_NO_COMMON_BLOCKS = YES;
				GCC_OPTIMIZATION_LEVEL = 0;
				GCC_PREPROCESSOR_DEFINITIONS = (
					"DEBUG=1",
					"$(inherited)",
				);
				GCC_WARN_64_TO_32_BIT_CONVERSION = YES;
				GCC_WARN_ABOUT_RETURN_TYPE = YES_ERROR;
				GCC_WARN_UNDECLARED_SELECTOR = YES;
				GCC_WARN_UNINITIALIZED_AUTOS = YES_AGGRESSIVE;
				GCC_WARN_UNUSED_FUNCTION = YES;
				GCC_WARN_UNUSED_VARIABLE = YES;
				IPHONEOS_DEPLOYMENT_TARGET = 9.3;
				MTL_ENABLE_DEBUG_INFO = YES;
				ONLY_ACTIVE_ARCH = YES;
				SDKROOT = iphoneos;
				SWIFT_OPTIMIZATION_LEVEL = "-Onone";
				TARGETED_DEVICE_FAMILY = "1,2";
			};
			name = Debug;
		};
		9F35CB171D539EF5000A10A3 /* Release */ = {
			isa = XCBuildConfiguration;
			buildSettings = {
				ALWAYS_SEARCH_USER_PATHS = NO;
				CLANG_ANALYZER_NONNULL = YES;
				CLANG_CXX_LANGUAGE_STANDARD = "gnu++0x";
				CLANG_CXX_LIBRARY = "libc++";
				CLANG_ENABLE_MODULES = YES;
				CLANG_ENABLE_OBJC_ARC = YES;
				CLANG_WARN_BOOL_CONVERSION = YES;
				CLANG_WARN_CONSTANT_CONVERSION = YES;
				CLANG_WARN_DIRECT_OBJC_ISA_USAGE = YES_ERROR;
				CLANG_WARN_EMPTY_BODY = YES;
				CLANG_WARN_ENUM_CONVERSION = YES;
				CLANG_WARN_INT_CONVERSION = YES;
				CLANG_WARN_OBJC_ROOT_CLASS = YES_ERROR;
				CLANG_WARN_UNREACHABLE_CODE = YES;
				CLANG_WARN__DUPLICATE_METHOD_MATCH = YES;
				"CODE_SIGN_IDENTITY[sdk=iphoneos*]" = "iPhone Developer";
				COPY_PHASE_STRIP = NO;
				DEBUG_INFORMATION_FORMAT = "dwarf-with-dsym";
				ENABLE_NS_ASSERTIONS = NO;
				ENABLE_STRICT_OBJC_MSGSEND = YES;
				GCC_C_LANGUAGE_STANDARD = gnu99;
				GCC_NO_COMMON_BLOCKS = YES;
				GCC_WARN_64_TO_32_BIT_CONVERSION = YES;
				GCC_WARN_ABOUT_RETURN_TYPE = YES_ERROR;
				GCC_WARN_UNDECLARED_SELECTOR = YES;
				GCC_WARN_UNINITIALIZED_AUTOS = YES_AGGRESSIVE;
				GCC_WARN_UNUSED_FUNCTION = YES;
				GCC_WARN_UNUSED_VARIABLE = YES;
				IPHONEOS_DEPLOYMENT_TARGET = 9.3;
				MTL_ENABLE_DEBUG_INFO = NO;
				SDKROOT = iphoneos;
				TARGETED_DEVICE_FAMILY = "1,2";
				VALIDATE_PRODUCT = YES;
			};
			name = Release;
		};
		9F35CB191D539EF5000A10A3 /* Debug */ = {
			isa = XCBuildConfiguration;
			buildSettings = {
				ASSETCATALOG_COMPILER_APPICON_NAME = AppIcon;
				CODE_SIGN_IDENTITY = "iPhone Developer";
				"CODE_SIGN_IDENTITY[sdk=iphoneos*]" = "iPhone Developer";
				INFOPLIST_FILE = ACFinalAssessment_Q5/Info.plist;
				LD_RUNPATH_SEARCH_PATHS = "$(inherited) @executable_path/Frameworks";
				PRODUCT_BUNDLE_IDENTIFIER = "co.VincentChang.ACFinalAssessment-Q5";
				PRODUCT_NAME = "$(TARGET_NAME)";
				PROVISIONING_PROFILE = "";
			};
			name = Debug;
		};
		9F35CB1A1D539EF5000A10A3 /* Release */ = {
			isa = XCBuildConfiguration;
			buildSettings = {
				ASSETCATALOG_COMPILER_APPICON_NAME = AppIcon;
				CODE_SIGN_IDENTITY = "iPhone Developer";
				"CODE_SIGN_IDENTITY[sdk=iphoneos*]" = "iPhone Developer";
				INFOPLIST_FILE = ACFinalAssessment_Q5/Info.plist;
				LD_RUNPATH_SEARCH_PATHS = "$(inherited) @executable_path/Frameworks";
				PRODUCT_BUNDLE_IDENTIFIER = "co.VincentChang.ACFinalAssessment-Q5";
				PRODUCT_NAME = "$(TARGET_NAME)";
				PROVISIONING_PROFILE = "";
			};
			name = Release;
		};
/* End XCBuildConfiguration section */

/* Begin XCConfigurationList section */
		9F35CB011D539EF5000A10A3 /* Build configuration list for PBXProject "ACFinalAssessment_Q5" */ = {
			isa = XCConfigurationList;
			buildConfigurations = (
				9F35CB161D539EF5000A10A3 /* Debug */,
				9F35CB171D539EF5000A10A3 /* Release */,
			);
			defaultConfigurationIsVisible = 0;
			defaultConfigurationName = Release;
		};
		9F35CB181D539EF5000A10A3 /* Build configuration list for PBXNativeTarget "ACFinalAssessment_Q5" */ = {
			isa = XCConfigurationList;
			buildConfigurations = (
				9F35CB191D539EF5000A10A3 /* Debug */,
				9F35CB1A1D539EF5000A10A3 /* Release */,
			);
			defaultConfigurationIsVisible = 0;
			defaultConfigurationName = Release;
		};
/* End XCConfigurationList section */
	};
	rootObject = 9F35CAFE1D539EF5000A10A3 /* Project object */;
}
